
Microsoft Visual Studio Solution File, Format Version 12.00
# Visual Studio 15
VisualStudioVersion = 15.0.27428.2002
MinimumVisualStudioVersion = 10.0.40219.1
Project("{9A19103F-16F7-4668-BE54-9A1E7A4F7556}") = "Righthand.MessageBus", "Righthand.MessageBus\Righthand.MessageBus.csproj", "{5AAE645B-818F-4408-91E0-2519335F3173}"
EndProject
Project("{9A19103F-16F7-4668-BE54-9A1E7A4F7556}") = "Righthand.MessageBus.Test", "Righthand.MessageBus.Test\Righthand.MessageBus.Test.csproj", "{A949E5A3-ED3F-4DBA-8F34-C7AD6EAF70F7}"
EndProject
Project("{FAE04EC0-301F-11D3-BF4B-00C04F79EFBC}") = "Righthand.MessageBus.Sample", "Samples\Righthand.MessageBus.Sample\Righthand.MessageBus.Sample.csproj", "{F3820E5A-6780-4B69-826E-2F8E811391A8}"
EndProject
Project("{2150E333-8FDC-42A3-9474-1A3956D46DE8}") = "Samples", "Samples", "{724F1AF2-9DB9-4E42-B226-14E9604A4999}"
EndProject
Global
	GlobalSection(SolutionConfigurationPlatforms) = preSolution
		Debug|Any CPU = Debug|Any CPU
		Release|Any CPU = Release|Any CPU
	EndGlobalSection
	GlobalSection(ProjectConfigurationPlatforms) = postSolution
		{5AAE645B-818F-4408-91E0-2519335F3173}.Debug|Any CPU.ActiveCfg = Debug|Any CPU
		{5AAE645B-818F-4408-91E0-2519335F3173}.Debug|Any CPU.Build.0 = Debug|Any CPU
		{5AAE645B-818F-4408-91E0-2519335F3173}.Release|Any CPU.ActiveCfg = Release|Any CPU
		{5AAE645B-818F-4408-91E0-2519335F3173}.Release|Any CPU.Build.0 = Release|Any CPU
		{A949E5A3-ED3F-4DBA-8F34-C7AD6EAF70F7}.Debug|Any CPU.ActiveCfg = Debug|Any CPU
		{A949E5A3-ED3F-4DBA-8F34-C7AD6EAF70F7}.Debug|Any CPU.Build.0 = Debug|Any CPU
		{A949E5A3-ED3F-4DBA-8F34-C7AD6EAF70F7}.Release|Any CPU.ActiveCfg = Release|Any CPU
		{A949E5A3-ED3F-4DBA-8F34-C7AD6EAF70F7}.Release|Any CPU.Build.0 = Release|Any CPU
		{F3820E5A-6780-4B69-826E-2F8E811391A8}.Debug|Any CPU.ActiveCfg = Debug|Any CPU
		{F3820E5A-6780-4B69-826E-2F8E811391A8}.Debug|Any CPU.Build.0 = Debug|Any CPU
		{F3820E5A-6780-4B69-826E-2F8E811391A8}.Release|Any CPU.ActiveCfg = Release|Any CPU
		{F3820E5A-6780-4B69-826E-2F8E811391A8}.Release|Any CPU.Build.0 = Release|Any CPU
	EndGlobalSection
	GlobalSection(SolutionProperties) = preSolution
		HideSolutionNode = FALSE
	EndGlobalSection
	GlobalSection(NestedProjects) = preSolution
		{F3820E5A-6780-4B69-826E-2F8E811391A8} = {724F1AF2-9DB9-4E42-B226-14E9604A4999}
	EndGlobalSection
	GlobalSection(ExtensibilityGlobals) = postSolution
		SolutionGuid = {DB06DB93-8233-407B-8A44-910A3A556311}
	EndGlobalSection
EndGlobal
